// !$*UTF8*$!
{
	archiveVersion = 1;
	classes = {
	};
	objectVersion = 50;
	objects = {

/* Begin PBXBuildFile section */
		B37DFBE8263270E600A01BE3 /* arm.png in Resources */ = {isa = PBXBuildFile; fileRef = B37DFBE7263270E600A01BE3 /* arm.png */; };
		B3C903EB26310CA400332B7F /* AppDelegate.m in Sources */ = {isa = PBXBuildFile; fileRef = B3C903EA26310CA400332B7F /* AppDelegate.m */; };
		B3C903EE26310CA400332B7F /* SceneDelegate.m in Sources */ = {isa = PBXBuildFile; fileRef = B3C903ED26310CA400332B7F /* SceneDelegate.m */; };
		B3C903F126310CA400332B7F /* ViewController.m in Sources */ = {isa = PBXBuildFile; fileRef = B3C903F026310CA400332B7F /* ViewController.m */; };
		B3C903F426310CA400332B7F /* Main.storyboard in Resources */ = {isa = PBXBuildFile; fileRef = B3C903F226310CA400332B7F /* Main.storyboard */; };
		B3C903F626310CA600332B7F /* Assets.xcassets in Resources */ = {isa = PBXBuildFile; fileRef = B3C903F526310CA600332B7F /* Assets.xcassets */; };
		B3C903F926310CA600332B7F /* LaunchScreen.storyboard in Resources */ = {isa = PBXBuildFile; fileRef = B3C903F726310CA600332B7F /* LaunchScreen.storyboard */; };
		B3C903FC26310CA600332B7F /* main.m in Sources */ = {isa = PBXBuildFile; fileRef = B3C903FB26310CA600332B7F /* main.m */; };
		B3C9040526310CB700332B7F /* arm.s in Sources */ = {isa = PBXBuildFile; fileRef = B3C9040426310CB700332B7F /* arm.s */; };
/* End PBXBuildFile section */

/* Begin PBXFileReference section */
		B37DFBE7263270E600A01BE3 /* arm.png */ = {isa = PBXFileReference; lastKnownFileType = image.png; path = arm.png; sourceTree = "<group>"; };
		B3C903E626310CA400332B7F /* arm_study.app */ = {isa = PBXFileReference; explicitFileType = wrapper.application; includeInIndex = 0; path = arm_study.app; sourceTree = BUILT_PRODUCTS_DIR; };
		B3C903E926310CA400332B7F /* AppDelegate.h */ = {isa = PBXFileReference; lastKnownFileType = sourcecode.c.h; path = AppDelegate.h; sourceTree = "<group>"; };
		B3C903EA26310CA400332B7F /* AppDelegate.m */ = {isa = PBXFileReference; lastKnownFileType = sourcecode.c.objc; path = AppDelegate.m; sourceTree = "<group>"; };
		B3C903EC26310CA400332B7F /* SceneDelegate.h */ = {isa = PBXFileReference; lastKnownFileType = sourcecode.c.h; path = SceneDelegate.h; sourceTree = "<group>"; };
		B3C903ED26310CA400332B7F /* SceneDelegate.m */ = {isa = PBXFileReference; lastKnownFileType = sourcecode.c.objc; path = SceneDelegate.m; sourceTree = "<group>"; };
		B3C903EF26310CA400332B7F /* ViewController.h */ = {isa = PBXFileReference; lastKnownFileType = sourcecode.c.h; path = ViewController.h; sourceTree = "<group>"; };
		B3C903F026310CA400332B7F /* ViewController.m */ = {isa = PBXFileReference; lastKnownFileType = sourcecode.c.objc; path = ViewController.m; sourceTree = "<group>"; };
		B3C903F326310CA400332B7F /* Base */ = {isa = PBXFileReference; lastKnownFileType = file.storyboard; name = Base; path = Base.lproj/Main.storyboard; sourceTree = "<group>"; };
		B3C903F526310CA600332B7F /* Assets.xcassets */ = {isa = PBXFileReference; lastKnownFileType = folder.assetcatalog; path = Assets.xcassets; sourceTree = "<group>"; };
		B3C903F826310CA600332B7F /* Base */ = {isa = PBXFileReference; lastKnownFileType = file.storyboard; name = Base; path = Base.lproj/LaunchScreen.storyboard; sourceTree = "<group>"; };
		B3C903FA26310CA600332B7F /* Info.plist */ = {isa = PBXFileReference; lastKnownFileType = text.plist.xml; path = Info.plist; sourceTree = "<group>"; };
		B3C903FB26310CA600332B7F /* main.m */ = {isa = PBXFileReference; lastKnownFileType = sourcecode.c.objc; path = main.m; sourceTree = "<group>"; };
		B3C9040326310CB000332B7F /* arm.h */ = {isa = PBXFileReference; lastKnownFileType = sourcecode.c.h; path = arm.h; sourceTree = "<group>"; };
		B3C9040426310CB700332B7F /* arm.s */ = {isa = PBXFileReference; lastKnownFileType = sourcecode.asm; path = arm.s; sourceTree = "<group>"; };
/* End PBXFileReference section */

/* Begin PBXFrameworksBuildPhase section */
		B3C903E326310CA400332B7F /* Frameworks */ = {
			isa = PBXFrameworksBuildPhase;
			buildActionMask = 2147483647;
			files = (
			);
			runOnlyForDeploymentPostprocessing = 0;
		};
/* End PBXFrameworksBuildPhase section */

/* Begin PBXGroup section */
		B3C903DD26310CA400332B7F = {
			isa = PBXGroup;
			children = (
				B3C903E826310CA400332B7F /* arm_study */,
				B3C903E726310CA400332B7F /* Products */,
			);
			sourceTree = "<group>";
		};
		B3C903E726310CA400332B7F /* Products */ = {
			isa = PBXGroup;
			children = (
				B3C903E626310CA400332B7F /* arm_study.app */,
			);
			name = Products;
			sourceTree = "<group>";
		};
		B3C903E826310CA400332B7F /* arm_study */ = {
			isa = PBXGroup;
			children = (
				B3C903E926310CA400332B7F /* AppDelegate.h */,
				B3C903EA26310CA400332B7F /* AppDelegate.m */,
				B3C903EC26310CA400332B7F /* SceneDelegate.h */,
				B3C903ED26310CA400332B7F /* SceneDelegate.m */,
				B3C903EF26310CA400332B7F /* ViewController.h */,
				B3C903F026310CA400332B7F /* ViewController.m */,
				B3C903F226310CA400332B7F /* Main.storyboard */,
				B3C903F526310CA600332B7F /* Assets.xcassets */,
				B3C903F726310CA600332B7F /* LaunchScreen.storyboard */,
				B3C903FA26310CA600332B7F /* Info.plist */,
				B3C903FB26310CA600332B7F /* main.m */,
				B37DFBE7263270E600A01BE3 /* arm.png */,
				B3C9040326310CB000332B7F /* arm.h */,
				B3C9040426310CB700332B7F /* arm.s */,
			);
			path = arm_study;
			sourceTree = "<group>";
		};
/* End PBXGroup section */

/* Begin PBXNativeTarget section */
		B3C903E526310CA400332B7F /* arm_study */ = {
			isa = PBXNativeTarget;
			buildConfigurationList = B3C903FF26310CA600332B7F /* Build configuration list for PBXNativeTarget "arm_study" */;
			buildPhases = (
				B3C903E226310CA400332B7F /* Sources */,
				B3C903E326310CA400332B7F /* Frameworks */,
				B3C903E426310CA400332B7F /* Resources */,
			);
			buildRules = (
			);
			dependencies = (
			);
			name = arm_study;
			productName = arm_study;
			productReference = B3C903E626310CA400332B7F /* arm_study.app */;
			productType = "com.apple.product-type.application";
		};
/* End PBXNativeTarget section */

/* Begin PBXProject section */
		B3C903DE26310CA400332B7F /* Project object */ = {
			isa = PBXProject;
			attributes = {
				LastUpgradeCheck = 1230;
				TargetAttributes = {
					B3C903E526310CA400332B7F = {
						CreatedOnToolsVersion = 12.3;
					};
				};
			};
			buildConfigurationList = B3C903E126310CA400332B7F /* Build configuration list for PBXProject "arm_study" */;
			compatibilityVersion = "Xcode 9.3";
			developmentRegion = en;
			hasScannedForEncodings = 0;
			knownRegions = (
				en,
				Base,
			);
			mainGroup = B3C903DD26310CA400332B7F;
			productRefGroup = B3C903E726310CA400332B7F /* Products */;
			projectDirPath = "";
			projectRoot = "";
			targets = (
				B3C903E526310CA400332B7F /* arm_study */,
			);
		};
/* End PBXProject section */

/* Begin PBXResourcesBuildPhase section */
		B3C903E426310CA400332B7F /* Resources */ = {
			isa = PBXResourcesBuildPhase;
			buildActionMask = 2147483647;
			files = (
				B3C903F926310CA600332B7F /* LaunchScreen.storyboard in Resources */,
				B3C903F626310CA600332B7F /* Assets.xcassets in Resources */,
				B37DFBE8263270E600A01BE3 /* arm.png in Resources */,
				B3C903F426310CA400332B7F /* Main.storyboard in Resources */,
			);
			runOnlyForDeploymentPostprocessing = 0;
		};
/* End PBXResourcesBuildPhase section */

/* Begin PBXSourcesBuildPhase section */
		B3C903E226310CA400332B7F /* Sources */ = {
			isa = PBXSourcesBuildPhase;
			buildActionMask = 2147483647;
			files = (
				B3C903F126310CA400332B7F /* ViewController.m in Sources */,
				B3C9040526310CB700332B7F /* arm.s in Sources */,
				B3C903EB26310CA400332B7F /* AppDelegate.m in Sources */,
				B3C903FC26310CA600332B7F /* main.m in Sources */,
				B3C903EE26310CA400332B7F /* SceneDelegate.m in Sources */,
			);
			runOnlyForDeploymentPostprocessing = 0;
		};
/* End PBXSourcesBuildPhase section */

/* Begin PBXVariantGroup section */
		B3C903F226310CA400332B7F /* Main.storyboard */ = {
			isa = PBXVariantGroup;
			children = (
				B3C903F326310CA400332B7F /* Base */,
			);
			name = Main.storyboard;
			sourceTree = "<group>";
		};
		B3C903F726310CA600332B7F /* LaunchScreen.storyboard */ = {
			isa = PBXVariantGroup;
			children = (
				B3C903F826310CA600332B7F /* Base */,
			);
			name = LaunchScreen.storyboard;
			sourceTree = "<group>";
		};
/* End PBXVariantGroup section */

/* Begin XCBuildConfiguration section */
		B3C903FD26310CA600332B7F /* Debug */ = {
			isa = XCBuildConfiguration;
			buildSettings = {
				ALWAYS_SEARCH_USER_PATHS = NO;
				CLANG_ANALYZER_NONNULL = YES;
				CLANG_ANALYZER_NUMBER_OBJECT_CONVERSION = YES_AGGRESSIVE;
				CLANG_CXX_LANGUAGE_STANDARD = "gnu++14";
				CLANG_CXX_LIBRARY = "libc++";
				CLANG_ENABLE_MODULES = YES;
				CLANG_ENABLE_OBJC_ARC = YES;
				CLANG_ENABLE_OBJC_WEAK = YES;
				CLANG_WARN_BLOCK_CAPTURE_AUTORELEASING = YES;
				CLANG_WARN_BOOL_CONVERSION = YES;
				CLANG_WARN_COMMA = YES;
				CLANG_WARN_CONSTANT_CONVERSION = YES;
				CLANG_WARN_DEPRECATED_OBJC_IMPLEMENTATIONS = YES;
				CLANG_WARN_DIRECT_OBJC_ISA_USAGE = YES_ERROR;
				CLANG_WARN_DOCUMENTATION_COMMENTS = YES;
				CLANG_WARN_EMPTY_BODY = YES;
				CLANG_WARN_ENUM_CONVERSION = YES;
				CLANG_WARN_INFINITE_RECURSION = YES;
				CLANG_WARN_INT_CONVERSION = YES;
				CLANG_WARN_NON_LITERAL_NULL_CONVERSION = YES;
				CLANG_WARN_OBJC_IMPLICIT_RETAIN_SELF = YES;
				CLANG_WARN_OBJC_LITERAL_CONVERSION = YES;
				CLANG_WARN_OBJC_ROOT_CLASS = YES_ERROR;
				CLANG_WARN_QUOTED_INCLUDE_IN_FRAMEWORK_HEADER = YES;
				CLANG_WARN_RANGE_LOOP_ANALYSIS = YES;
				CLANG_WARN_STRICT_PROTOTYPES = YES;
				CLANG_WARN_SUSPICIOUS_MOVE = YES;
				CLANG_WARN_UNGUARDED_AVAILABILITY = YES_AGGRESSIVE;
				CLANG_WARN_UNREACHABLE_CODE = YES;
				CLANG_WARN__DUPLICATE_METHOD_MATCH = YES;
				COPY_PHASE_STRIP = NO;
				DEBUG_INFORMATION_FORMAT = dwarf;
				ENABLE_STRICT_OBJC_MSGSEND = YES;
				ENABLE_TESTABILITY = YES;
				GCC_C_LANGUAGE_STANDARD = gnu11;
				GCC_DYNAMIC_NO_PIC = NO;
				GCC_NO_COMMON_BLOCKS = YES;
				GCC_OPTIMIZATION_LEVEL = 0;
				GCC_PREPROCESSOR_DEFINITIONS = (
					"DEBUG=1",
					"$(inherited)",
				);
				GCC_WARN_64_TO_32_BIT_CONVERSION = YES;
				GCC_WARN_ABOUT_RETURN_TYPE = YES_ERROR;
				GCC_WARN_UNDECLARED_SELECTOR = YES;
				GCC_WARN_UNINITIALIZED_AUTOS = YES_AGGRESSIVE;
				GCC_WARN_UNUSED_FUNCTION = YES;
				GCC_WARN_UNUSED_VARIABLE = YES;
				IPHONEOS_DEPLOYMENT_TARGET = 14.3;
				MTL_ENABLE_DEBUG_INFO = INCLUDE_SOURCE;
				MTL_FAST_MATH = YES;
				ONLY_ACTIVE_ARCH = YES;
				SDKROOT = iphoneos;
			};
			name = Debug;
		};
		B3C903FE26310CA600332B7F /* Release */ = {
			isa = XCBuildConfiguration;
			buildSettings = {
				ALWAYS_SEARCH_USER_PATHS = NO;
				CLANG_ANALYZER_NONNULL = YES;
				CLANG_ANALYZER_NUMBER_OBJECT_CONVERSION = YES_AGGRESSIVE;
				CLANG_CXX_LANGUAGE_STANDARD = "gnu++14";
				CLANG_CXX_LIBRARY = "libc++";
				CLANG_ENABLE_MODULES = YES;
				CLANG_ENABLE_OBJC_ARC = YES;
				CLANG_ENABLE_OBJC_WEAK = YES;
				CLANG_WARN_BLOCK_CAPTURE_AUTORELEASING = YES;
				CLANG_WARN_BOOL_CONVERSION = YES;
				CLANG_WARN_COMMA = YES;
				CLANG_WARN_CONSTANT_CONVERSION = YES;
				CLANG_WARN_DEPRECATED_OBJC_IMPLEMENTATIONS = YES;
				CLANG_WARN_DIRECT_OBJC_ISA_USAGE = YES_ERROR;
				CLANG_WARN_DOCUMENTATION_COMMENTS = YES;
				CLANG_WARN_EMPTY_BODY = YES;
				CLANG_WARN_ENUM_CONVERSION = YES;
				CLANG_WARN_INFINITE_RECURSION = YES;
				CLANG_WARN_INT_CONVERSION = YES;
				CLANG_WARN_NON_LITERAL_NULL_CONVERSION = YES;
				CLANG_WARN_OBJC_IMPLICIT_RETAIN_SELF = YES;
				CLANG_WARN_OBJC_LITERAL_CONVERSION = YES;
				CLANG_WARN_OBJC_ROOT_CLASS = YES_ERROR;
				CLANG_WARN_QUOTED_INCLUDE_IN_FRAMEWORK_HEADER = YES;
				CLANG_WARN_RANGE_LOOP_ANALYSIS = YES;
				CLANG_WARN_STRICT_PROTOTYPES = YES;
				CLANG_WARN_SUSPICIOUS_MOVE = YES;
				CLANG_WARN_UNGUARDED_AVAILABILITY = YES_AGGRESSIVE;
				CLANG_WARN_UNREACHABLE_CODE = YES;
				CLANG_WARN__DUPLICATE_METHOD_MATCH = YES;
				COPY_PHASE_STRIP = NO;
				DEBUG_INFORMATION_FORMAT = "dwarf-with-dsym";
				ENABLE_NS_ASSERTIONS = NO;
				ENABLE_STRICT_OBJC_MSGSEND = YES;
				GCC_C_LANGUAGE_STANDARD = gnu11;
				GCC_NO_COMMON_BLOCKS = YES;
				GCC_WARN_64_TO_32_BIT_CONVERSION = YES;
				GCC_WARN_ABOUT_RETURN_TYPE = YES_ERROR;
				GCC_WARN_UNDECLARED_SELECTOR = YES;
				GCC_WARN_UNINITIALIZED_AUTOS = YES_AGGRESSIVE;
				GCC_WARN_UNUSED_FUNCTION = YES;
				GCC_WARN_UNUSED_VARIABLE = YES;
				IPHONEOS_DEPLOYMENT_TARGET = 14.3;
				MTL_ENABLE_DEBUG_INFO = NO;
				MTL_FAST_MATH = YES;
				SDKROOT = iphoneos;
				VALIDATE_PRODUCT = YES;
			};
			name = Release;
		};
		B3C9040026310CA600332B7F /* Debug */ = {
			isa = XCBuildConfiguration;
			buildSettings = {
				ASSETCATALOG_COMPILER_APPICON_NAME = AppIcon;
				ASSETCATALOG_COMPILER_GLOBAL_ACCENT_COLOR_NAME = AccentColor;
				CODE_SIGN_STYLE = Automatic;
				DEVELOPMENT_TEAM = HGF48S4DZC;
				INFOPLIST_FILE = arm_study/Info.plist;
				IPHONEOS_DEPLOYMENT_TARGET = 13.0;
				LD_RUNPATH_SEARCH_PATHS = (
					"$(inherited)",
					"@executable_path/Frameworks",
				);
				PRODUCT_BUNDLE_IDENTIFIER = "Fearless.arm-study";
				PRODUCT_NAME = "$(TARGET_NAME)";
				TARGETED_DEVICE_FAMILY = 1;
			};
			name = Debug;
		};
		B3C9040126310CA600332B7F /* Release */ = {
			isa = XCBuildConfiguration;
			buildSettings = {
				ASSETCATALOG_COMPILER_APPICON_NAME = AppIcon;
				ASSETCATALOG_COMPILER_GLOBAL_ACCENT_COLOR_NAME = AccentColor;
				CODE_SIGN_STYLE = Automatic;
				DEVELOPMENT_TEAM = HGF48S4DZC;
				INFOPLIST_FILE = arm_study/Info.plist;
				IPHONEOS_DEPLOYMENT_TARGET = 13.0;
				LD_RUNPATH_SEARCH_PATHS = (
					"$(inherited)",
					"@executable_path/Frameworks",
				);
				PRODUCT_BUNDLE_IDENTIFIER = "Fearless.arm-study";
				PRODUCT_NAME = "$(TARGET_NAME)";
				TARGETED_DEVICE_FAMILY = 1;
			};
			name = Release;
		};
/* End XCBuildConfiguration section */

/* Begin XCConfigurationList section */
		B3C903E126310CA400332B7F /* Build configuration list for PBXProject "arm_study" */ = {
			isa = XCConfigurationList;
			buildConfigurations = (
				B3C903FD26310CA600332B7F /* Debug */,
				B3C903FE26310CA600332B7F /* Release */,
			);
			defaultConfigurationIsVisible = 0;
			defaultConfigurationName = Release;
		};
		B3C903FF26310CA600332B7F /* Build configuration list for PBXNativeTarget "arm_study" */ = {
			isa = XCConfigurationList;
			buildConfigurations = (
				B3C9040026310CA600332B7F /* Debug */,
				B3C9040126310CA600332B7F /* Release */,
			);
			defaultConfigurationIsVisible = 0;
			defaultConfigurationName = Release;
		};
/* End XCConfigurationList section */
	};
	rootObject = B3C903DE26310CA400332B7F /* Project object */;
}
